
Microsoft Visual Studio Solution File, Format Version 12.00
# Visual Studio 15
VisualStudioVersion = 15.0.33919.361
MinimumVisualStudioVersion = 10.0.40219.1
Project("{FAE04EC0-301F-11D3-BF4B-00C04F79EFBC}") = "Loja.Models", "Loja.Models\Loja.Models.csproj", "{4F701799-264B-420D-9FCA-5559333DA260}"
EndProject
Project("{FAE04EC0-301F-11D3-BF4B-00C04F79EFBC}") = "Loja.DAL", "Loja.DAL\Loja.DAL.csproj", "{951DF807-3EA7-4A75-965A-3A684AE76A37}"
EndProject
Project("{FAE04EC0-301F-11D3-BF4B-00C04F79EFBC}") = "Loja.BLL", "Loja.BLL\Loja.BLL.csproj", "{82BFD318-4A1B-4C8C-A91F-E968918A1577}"
EndProject
Project("{FAE04EC0-301F-11D3-BF4B-00C04F79EFBC}") = "Loja.UI.Web", "Loja.UI.Web\Loja.UI.Web.csproj", "{6338C830-7413-4D40-AE06-B6EA0CBADE73}"
EndProject
Project("{FAE04EC0-301F-11D3-BF4B-00C04F79EFBC}") = "Loja.Services", "Loja.Services\Loja.Services.csproj", "{27540961-14F9-4BFE-A202-CDF86A1B3B64}"
EndProject
Project("{FAE04EC0-301F-11D3-BF4B-00C04F79EFBC}") = "Loja.Test", "Loja.Test\Loja.Test.csproj", "{C9E38691-97A8-47ED-88A4-8A7F3993FEBA}"
EndProject
Global
	GlobalSection(SolutionConfigurationPlatforms) = preSolution
		Debug|Any CPU = Debug|Any CPU
		Release|Any CPU = Release|Any CPU
	EndGlobalSection
	GlobalSection(ProjectConfigurationPlatforms) = postSolution
		{4F701799-264B-420D-9FCA-5559333DA260}.Debug|Any CPU.ActiveCfg = Debug|Any CPU
		{4F701799-264B-420D-9FCA-5559333DA260}.Debug|Any CPU.Build.0 = Debug|Any CPU
		{4F701799-264B-420D-9FCA-5559333DA260}.Release|Any CPU.ActiveCfg = Release|Any CPU
		{4F701799-264B-420D-9FCA-5559333DA260}.Release|Any CPU.Build.0 = Release|Any CPU
		{951DF807-3EA7-4A75-965A-3A684AE76A37}.Debug|Any CPU.ActiveCfg = Debug|Any CPU
		{951DF807-3EA7-4A75-965A-3A684AE76A37}.Debug|Any CPU.Build.0 = Debug|Any CPU
		{951DF807-3EA7-4A75-965A-3A684AE76A37}.Release|Any CPU.ActiveCfg = Release|Any CPU
		{951DF807-3EA7-4A75-965A-3A684AE76A37}.Release|Any CPU.Build.0 = Release|Any CPU
		{82BFD318-4A1B-4C8C-A91F-E968918A1577}.Debug|Any CPU.ActiveCfg = Debug|Any CPU
		{82BFD318-4A1B-4C8C-A91F-E968918A1577}.Debug|Any CPU.Build.0 = Debug|Any CPU
		{82BFD318-4A1B-4C8C-A91F-E968918A1577}.Release|Any CPU.ActiveCfg = Release|Any CPU
		{82BFD318-4A1B-4C8C-A91F-E968918A1577}.Release|Any CPU.Build.0 = Release|Any CPU
		{6338C830-7413-4D40-AE06-B6EA0CBADE73}.Debug|Any CPU.ActiveCfg = Debug|Any CPU
		{6338C830-7413-4D40-AE06-B6EA0CBADE73}.Debug|Any CPU.Build.0 = Debug|Any CPU
		{6338C830-7413-4D40-AE06-B6EA0CBADE73}.Release|Any CPU.ActiveCfg = Release|Any CPU
		{6338C830-7413-4D40-AE06-B6EA0CBADE73}.Release|Any CPU.Build.0 = Release|Any CPU
		{27540961-14F9-4BFE-A202-CDF86A1B3B64}.Debug|Any CPU.ActiveCfg = Debug|Any CPU
		{27540961-14F9-4BFE-A202-CDF86A1B3B64}.Debug|Any CPU.Build.0 = Debug|Any CPU
		{27540961-14F9-4BFE-A202-CDF86A1B3B64}.Release|Any CPU.ActiveCfg = Release|Any CPU
		{27540961-14F9-4BFE-A202-CDF86A1B3B64}.Release|Any CPU.Build.0 = Release|Any CPU
		{C9E38691-97A8-47ED-88A4-8A7F3993FEBA}.Debug|Any CPU.ActiveCfg = Debug|Any CPU
		{C9E38691-97A8-47ED-88A4-8A7F3993FEBA}.Debug|Any CPU.Build.0 = Debug|Any CPU
		{C9E38691-97A8-47ED-88A4-8A7F3993FEBA}.Release|Any CPU.ActiveCfg = Release|Any CPU
		{C9E38691-97A8-47ED-88A4-8A7F3993FEBA}.Release|Any CPU.Build.0 = Release|Any CPU
	EndGlobalSection
	GlobalSection(SolutionProperties) = preSolution
		HideSolutionNode = FALSE
	EndGlobalSection
	GlobalSection(ExtensibilityGlobals) = postSolution
		SolutionGuid = {A97FD99F-3AC0-46A4-9B5F-4249BA0A1679}
	EndGlobalSection
EndGlobal
